
Microsoft Visual Studio Solution File, Format Version 12.00
# Visual Studio Version 16
VisualStudioVersion = 16.0.30907.101
MinimumVisualStudioVersion = 10.0.40219.1
Project("{2150E333-8FDC-42A3-9474-1A3956D46DE8}") = "src", "src", "{55A7A9B0-5657-4D3D-A685-E3AD8A41F73B}"
EndProject
Project("{2150E333-8FDC-42A3-9474-1A3956D46DE8}") = "doc", "doc", "{EC52F8A0-6B05-422E-9161-90B749327ED9}"
EndProject
Project("{2150E333-8FDC-42A3-9474-1A3956D46DE8}") = "test", "test", "{2D59B0D6-FE76-4741-A575-6B75700B516B}"
EndProject
Project("{2150E333-8FDC-42A3-9474-1A3956D46DE8}") = "domain", "domain", "{442D0781-1148-400F-8EE3-1A837F8CD418}"
EndProject
Project("{2150E333-8FDC-42A3-9474-1A3956D46DE8}") = "infrastructure", "infrastructure", "{905B8F27-33DE-41F3-9656-B5DC553B0E88}"
EndProject
Project("{2150E333-8FDC-42A3-9474-1A3956D46DE8}") = "common", "common", "{FB62D458-2D79-4420-98FE-712503D7D4E8}"
EndProject
Project("{2150E333-8FDC-42A3-9474-1A3956D46DE8}") = "core", "core", "{B1A429BE-5EB4-4D6D-B973-76BB9C8F26BC}"
EndProject
Project("{2150E333-8FDC-42A3-9474-1A3956D46DE8}") = "security", "security", "{DD575A21-C1F3-4824-BC1F-A20F810B406B}"
EndProject
Project("{9A19103F-16F7-4668-BE54-9A1E7A4F7556}") = "Eatigo.Eatilink.Api", "src\domain\core\Eatigo.Eatilink.Api\Eatigo.Eatilink.Api.csproj", "{07BBB97E-1B39-4088-8BC0-AE8BD6EEDF35}"
EndProject
Project("{9A19103F-16F7-4668-BE54-9A1E7A4F7556}") = "Eatigo.Eatilink.Common", "src\domain\common\Eatigo.Eatilink.Common\Eatigo.Eatilink.Common.csproj", "{DEF18C83-0520-4ACD-A951-BA210FA7BD47}"
EndProject
Project("{9A19103F-16F7-4668-BE54-9A1E7A4F7556}") = "Eatigo.Eatilink.DataObjects", "src\domain\common\Eatigo.Eatilink.DataObjects\Eatigo.Eatilink.DataObjects.csproj", "{E223A3A7-549E-4989-94BC-CA12C9AC492D}"
EndProject
Project("{9A19103F-16F7-4668-BE54-9A1E7A4F7556}") = "Eatigo.Eatilink.Validator", "src\domain\common\Eatigo.Eatilink.Validator\Eatigo.Eatilink.Validator.csproj", "{CEB9EE1C-C08D-47F0-8134-95E8430F3C81}"
EndProject
Project("{2150E333-8FDC-42A3-9474-1A3956D46DE8}") = "unit", "unit", "{1F7C397B-7B8B-4367-B8D2-267DCE2CCEF6}"
EndProject
Project("{9A19103F-16F7-4668-BE54-9A1E7A4F7556}") = "Eatigo.Eatilink.Test.Unit.DependencyResolver", "test\unit\Eatigo.Eatilink.Test.Unit.DependencyResolver\Eatigo.Eatilink.Test.Unit.DependencyResolver.csproj", "{B62D67E7-1FB6-478E-8A7A-58E78A658CEE}"
EndProject
Project("{9A19103F-16F7-4668-BE54-9A1E7A4F7556}") = "Eatigo.Eatilink.Test.Unit", "test\unit\Eatigo.Eatilink.Test.Unit\Eatigo.Eatilink.Test.Unit.csproj", "{E55E12A3-3036-45BD-9ED7-6BD3C162056A}"
EndProject
Project("{9A19103F-16F7-4668-BE54-9A1E7A4F7556}") = "Eatigo.Eatilink.Security", "src\domain\security\Eatigo.Eatilink.Security\Eatigo.Eatilink.Security.csproj", "{F646AE3C-B269-4473-ABDD-292729FED336}"
EndProject
Project("{9A19103F-16F7-4668-BE54-9A1E7A4F7556}") = "Eatigo.Eatilink.Domain", "src\domain\core\Eatigo.Eatilink.Domain\Eatigo.Eatilink.Domain.csproj", "{63B9DEA4-EC1C-4F80-9100-3C27D1CE409F}"
EndProject
Project("{9A19103F-16F7-4668-BE54-9A1E7A4F7556}") = "Eatigo.Eatilink.Infrastructure", "src\infrastructure\Eatigo.Eatilink.Infrastructure\Eatigo.Eatilink.Infrastructure.csproj", "{969BE2F8-BBD5-4E8A-A185-BBD9E6211CDB}"
EndProject
Project("{9A19103F-16F7-4668-BE54-9A1E7A4F7556}") = "Eatigo.Eatilink.Entities", "src\domain\core\Eatigo.Eatilink.Entities\Eatigo.Eatilink.Entities.csproj", "{780E0EF9-CCE2-41E0-B3D7-36E9FC25DD96}"
EndProject
Project("{2150E333-8FDC-42A3-9474-1A3956D46DE8}") = "api", "api", "{8621FC36-8B11-4C5D-85C7-D0E2CFB3F07E}"
EndProject
Project("{9A19103F-16F7-4668-BE54-9A1E7A4F7556}") = "Eatigo.Eatilink.Test.Api", "test\api\Eatigo.Eatilink.Test.Api\Eatigo.Eatilink.Test.Api.csproj", "{EA3BA60B-ADA2-4F76-8794-808F1AB2626B}"
EndProject
Project("{2150E333-8FDC-42A3-9474-1A3956D46DE8}") = "apispecification", "apispecification", "{678CC53C-E82A-4661-B389-87A87F2151B5}"
EndProject
Project("{2150E333-8FDC-42A3-9474-1A3956D46DE8}") = "releasenote", "releasenote", "{C2E7958D-ED3F-42AD-A6B4-97A46278E61B}"
EndProject
Project("{2150E333-8FDC-42A3-9474-1A3956D46DE8}") = "systemdesign", "systemdesign", "{C9999D35-D71F-4AA9-8F8C-EE28DB01728F}"
	ProjectSection(SolutionItems) = preProject
		doc\systemdesign\Eatilink-System Design.pdf = doc\systemdesign\Eatilink-System Design.pdf
	EndProjectSection
EndProject
Project("{2150E333-8FDC-42A3-9474-1A3956D46DE8}") = "mastertestplan", "mastertestplan", "{A92E7E41-B12F-412D-9A31-A6B74BEAD5B0}"
EndProject
Project("{2150E333-8FDC-42A3-9474-1A3956D46DE8}") = "deployment", "deployment", "{C7AC39E2-10CB-43EB-91DE-364F625E5A76}"
EndProject
Global
	GlobalSection(SolutionConfigurationPlatforms) = preSolution
		Debug|Any CPU = Debug|Any CPU
		Release|Any CPU = Release|Any CPU
	EndGlobalSection
	GlobalSection(ProjectConfigurationPlatforms) = postSolution
		{07BBB97E-1B39-4088-8BC0-AE8BD6EEDF35}.Debug|Any CPU.ActiveCfg = Debug|Any CPU
		{07BBB97E-1B39-4088-8BC0-AE8BD6EEDF35}.Debug|Any CPU.Build.0 = Debug|Any CPU
		{07BBB97E-1B39-4088-8BC0-AE8BD6EEDF35}.Release|Any CPU.ActiveCfg = Release|Any CPU
		{07BBB97E-1B39-4088-8BC0-AE8BD6EEDF35}.Release|Any CPU.Build.0 = Release|Any CPU
		{DEF18C83-0520-4ACD-A951-BA210FA7BD47}.Debug|Any CPU.ActiveCfg = Debug|Any CPU
		{DEF18C83-0520-4ACD-A951-BA210FA7BD47}.Debug|Any CPU.Build.0 = Debug|Any CPU
		{DEF18C83-0520-4ACD-A951-BA210FA7BD47}.Release|Any CPU.ActiveCfg = Release|Any CPU
		{DEF18C83-0520-4ACD-A951-BA210FA7BD47}.Release|Any CPU.Build.0 = Release|Any CPU
		{E223A3A7-549E-4989-94BC-CA12C9AC492D}.Debug|Any CPU.ActiveCfg = Debug|Any CPU
		{E223A3A7-549E-4989-94BC-CA12C9AC492D}.Debug|Any CPU.Build.0 = Debug|Any CPU
		{E223A3A7-549E-4989-94BC-CA12C9AC492D}.Release|Any CPU.ActiveCfg = Release|Any CPU
		{E223A3A7-549E-4989-94BC-CA12C9AC492D}.Release|Any CPU.Build.0 = Release|Any CPU
		{CEB9EE1C-C08D-47F0-8134-95E8430F3C81}.Debug|Any CPU.ActiveCfg = Debug|Any CPU
		{CEB9EE1C-C08D-47F0-8134-95E8430F3C81}.Debug|Any CPU.Build.0 = Debug|Any CPU
		{CEB9EE1C-C08D-47F0-8134-95E8430F3C81}.Release|Any CPU.ActiveCfg = Release|Any CPU
		{CEB9EE1C-C08D-47F0-8134-95E8430F3C81}.Release|Any CPU.Build.0 = Release|Any CPU
		{B62D67E7-1FB6-478E-8A7A-58E78A658CEE}.Debug|Any CPU.ActiveCfg = Debug|Any CPU
		{B62D67E7-1FB6-478E-8A7A-58E78A658CEE}.Debug|Any CPU.Build.0 = Debug|Any CPU
		{B62D67E7-1FB6-478E-8A7A-58E78A658CEE}.Release|Any CPU.ActiveCfg = Release|Any CPU
		{B62D67E7-1FB6-478E-8A7A-58E78A658CEE}.Release|Any CPU.Build.0 = Release|Any CPU
		{E55E12A3-3036-45BD-9ED7-6BD3C162056A}.Debug|Any CPU.ActiveCfg = Debug|Any CPU
		{E55E12A3-3036-45BD-9ED7-6BD3C162056A}.Debug|Any CPU.Build.0 = Debug|Any CPU
		{E55E12A3-3036-45BD-9ED7-6BD3C162056A}.Release|Any CPU.ActiveCfg = Release|Any CPU
		{E55E12A3-3036-45BD-9ED7-6BD3C162056A}.Release|Any CPU.Build.0 = Release|Any CPU
		{F646AE3C-B269-4473-ABDD-292729FED336}.Debug|Any CPU.ActiveCfg = Debug|Any CPU
		{F646AE3C-B269-4473-ABDD-292729FED336}.Debug|Any CPU.Build.0 = Debug|Any CPU
		{F646AE3C-B269-4473-ABDD-292729FED336}.Release|Any CPU.ActiveCfg = Release|Any CPU
		{F646AE3C-B269-4473-ABDD-292729FED336}.Release|Any CPU.Build.0 = Release|Any CPU
		{63B9DEA4-EC1C-4F80-9100-3C27D1CE409F}.Debug|Any CPU.ActiveCfg = Debug|Any CPU
		{63B9DEA4-EC1C-4F80-9100-3C27D1CE409F}.Debug|Any CPU.Build.0 = Debug|Any CPU
		{63B9DEA4-EC1C-4F80-9100-3C27D1CE409F}.Release|Any CPU.ActiveCfg = Release|Any CPU
		{63B9DEA4-EC1C-4F80-9100-3C27D1CE409F}.Release|Any CPU.Build.0 = Release|Any CPU
		{969BE2F8-BBD5-4E8A-A185-BBD9E6211CDB}.Debug|Any CPU.ActiveCfg = Debug|Any CPU
		{969BE2F8-BBD5-4E8A-A185-BBD9E6211CDB}.Debug|Any CPU.Build.0 = Debug|Any CPU
		{969BE2F8-BBD5-4E8A-A185-BBD9E6211CDB}.Release|Any CPU.ActiveCfg = Release|Any CPU
		{969BE2F8-BBD5-4E8A-A185-BBD9E6211CDB}.Release|Any CPU.Build.0 = Release|Any CPU
		{780E0EF9-CCE2-41E0-B3D7-36E9FC25DD96}.Debug|Any CPU.ActiveCfg = Debug|Any CPU
		{780E0EF9-CCE2-41E0-B3D7-36E9FC25DD96}.Debug|Any CPU.Build.0 = Debug|Any CPU
		{780E0EF9-CCE2-41E0-B3D7-36E9FC25DD96}.Release|Any CPU.ActiveCfg = Release|Any CPU
		{780E0EF9-CCE2-41E0-B3D7-36E9FC25DD96}.Release|Any CPU.Build.0 = Release|Any CPU
		{EA3BA60B-ADA2-4F76-8794-808F1AB2626B}.Debug|Any CPU.ActiveCfg = Debug|Any CPU
		{EA3BA60B-ADA2-4F76-8794-808F1AB2626B}.Debug|Any CPU.Build.0 = Debug|Any CPU
		{EA3BA60B-ADA2-4F76-8794-808F1AB2626B}.Release|Any CPU.ActiveCfg = Release|Any CPU
		{EA3BA60B-ADA2-4F76-8794-808F1AB2626B}.Release|Any CPU.Build.0 = Release|Any CPU
	EndGlobalSection
	GlobalSection(SolutionProperties) = preSolution
		HideSolutionNode = FALSE
	EndGlobalSection
	GlobalSection(NestedProjects) = preSolution
		{442D0781-1148-400F-8EE3-1A837F8CD418} = {55A7A9B0-5657-4D3D-A685-E3AD8A41F73B}
		{905B8F27-33DE-41F3-9656-B5DC553B0E88} = {55A7A9B0-5657-4D3D-A685-E3AD8A41F73B}
		{FB62D458-2D79-4420-98FE-712503D7D4E8} = {442D0781-1148-400F-8EE3-1A837F8CD418}
		{B1A429BE-5EB4-4D6D-B973-76BB9C8F26BC} = {442D0781-1148-400F-8EE3-1A837F8CD418}
		{DD575A21-C1F3-4824-BC1F-A20F810B406B} = {442D0781-1148-400F-8EE3-1A837F8CD418}
		{07BBB97E-1B39-4088-8BC0-AE8BD6EEDF35} = {B1A429BE-5EB4-4D6D-B973-76BB9C8F26BC}
		{DEF18C83-0520-4ACD-A951-BA210FA7BD47} = {FB62D458-2D79-4420-98FE-712503D7D4E8}
		{E223A3A7-549E-4989-94BC-CA12C9AC492D} = {FB62D458-2D79-4420-98FE-712503D7D4E8}
		{CEB9EE1C-C08D-47F0-8134-95E8430F3C81} = {FB62D458-2D79-4420-98FE-712503D7D4E8}
		{1F7C397B-7B8B-4367-B8D2-267DCE2CCEF6} = {2D59B0D6-FE76-4741-A575-6B75700B516B}
		{B62D67E7-1FB6-478E-8A7A-58E78A658CEE} = {1F7C397B-7B8B-4367-B8D2-267DCE2CCEF6}
		{E55E12A3-3036-45BD-9ED7-6BD3C162056A} = {1F7C397B-7B8B-4367-B8D2-267DCE2CCEF6}
		{F646AE3C-B269-4473-ABDD-292729FED336} = {DD575A21-C1F3-4824-BC1F-A20F810B406B}
		{63B9DEA4-EC1C-4F80-9100-3C27D1CE409F} = {B1A429BE-5EB4-4D6D-B973-76BB9C8F26BC}
		{969BE2F8-BBD5-4E8A-A185-BBD9E6211CDB} = {905B8F27-33DE-41F3-9656-B5DC553B0E88}
		{780E0EF9-CCE2-41E0-B3D7-36E9FC25DD96} = {B1A429BE-5EB4-4D6D-B973-76BB9C8F26BC}
		{8621FC36-8B11-4C5D-85C7-D0E2CFB3F07E} = {2D59B0D6-FE76-4741-A575-6B75700B516B}
		{EA3BA60B-ADA2-4F76-8794-808F1AB2626B} = {8621FC36-8B11-4C5D-85C7-D0E2CFB3F07E}
		{678CC53C-E82A-4661-B389-87A87F2151B5} = {EC52F8A0-6B05-422E-9161-90B749327ED9}
		{C2E7958D-ED3F-42AD-A6B4-97A46278E61B} = {EC52F8A0-6B05-422E-9161-90B749327ED9}
		{C9999D35-D71F-4AA9-8F8C-EE28DB01728F} = {EC52F8A0-6B05-422E-9161-90B749327ED9}
		{A92E7E41-B12F-412D-9A31-A6B74BEAD5B0} = {EC52F8A0-6B05-422E-9161-90B749327ED9}
		{C7AC39E2-10CB-43EB-91DE-364F625E5A76} = {EC52F8A0-6B05-422E-9161-90B749327ED9}
	EndGlobalSection
	GlobalSection(ExtensibilityGlobals) = postSolution
		SolutionGuid = {0572618A-6343-4E2A-9C04-36E92B7D8A8B}
	EndGlobalSection
EndGlobal
